
Microsoft Visual Studio Solution File, Format Version 12.00
# Visual Studio Version 17
VisualStudioVersion = 17.0.32014.148
MinimumVisualStudioVersion = 10.0.40219.1
Project("{FAE04EC0-301F-11D3-BF4B-00C04F79EFBC}") = "lab2", "lab2\lab2.csproj", "{32AFECA6-8211-4CCD-A7BD-FA970EFFF930}"
EndProject
Global
	GlobalSection(SolutionConfigurationPlatforms) = preSolution
		Debug|Any CPU = Debug|Any CPU
		Release|Any CPU = Release|Any CPU
	EndGlobalSection
	GlobalSection(ProjectConfigurationPlatforms) = postSolution
		{32AFECA6-8211-4CCD-A7BD-FA970EFFF930}.Debug|Any CPU.ActiveCfg = Debug|Any CPU
		{32AFECA6-8211-4CCD-A7BD-FA970EFFF930}.Debug|Any CPU.Build.0 = Debug|Any CPU
		{32AFECA6-8211-4CCD-A7BD-FA970EFFF930}.Release|Any CPU.ActiveCfg = Release|Any CPU
		{32AFECA6-8211-4CCD-A7BD-FA970EFFF930}.Release|Any CPU.Build.0 = Release|Any CPU
	EndGlobalSection
	GlobalSection(SolutionProperties) = preSolution
		HideSolutionNode = FALSE
	EndGlobalSection
	GlobalSection(ExtensibilityGlobals) = postSolution
		SolutionGuid = {BAC57486-5C59-47BE-8B6E-5A9A8903583D}
	EndGlobalSection
EndGlobal
